Microsoft Visual Studio Solution File, Format Version 12.00
# Visual Studio Version 17
VisualStudioVersion = 17.5.2.0
MinimumVisualStudioVersion = 10.0.40219.1
Project("{FAE04EC0-301F-11D3-BF4B-00C04F79EFBC}") = "Module8_Homework", "Module8_Homework.csproj", "{DCA9B6C6-8F0C-1856-CF76-C136B63B796D}"
EndProject
Global
	GlobalSection(SolutionConfigurationPlatforms) = preSolution
		Debug|Any CPU = Debug|Any CPU
		Release|Any CPU = Release|Any CPU
	EndGlobalSection
	GlobalSection(ProjectConfigurationPlatforms) = postSolution
		{DCA9B6C6-8F0C-1856-CF76-C136B63B796D}.Debug|Any CPU.ActiveCfg = Debug|Any CPU
		{DCA9B6C6-8F0C-1856-CF76-C136B63B796D}.Debug|Any CPU.Build.0 = Debug|Any CPU
		{DCA9B6C6-8F0C-1856-CF76-C136B63B796D}.Release|Any CPU.ActiveCfg = Release|Any CPU
		{DCA9B6C6-8F0C-1856-CF76-C136B63B796D}.Release|Any CPU.Build.0 = Release|Any CPU
	EndGlobalSection
	GlobalSection(SolutionProperties) = preSolution
		HideSolutionNode = FALSE
	EndGlobalSection
	GlobalSection(ExtensibilityGlobals) = postSolution
		SolutionGuid = {FC4B51B0-33BF-48AB-8FEB-0A8B5A03D745}
	EndGlobalSection
EndGlobal
